
Microsoft Visual Studio Solution File, Format Version 12.00
# Visual Studio Version 17
VisualStudioVersion = 17.6.33829.357
MinimumVisualStudioVersion = 10.0.40219.1
Project("{FAE04EC0-301F-11D3-BF4B-00C04F79EFBC}") = "ClickerGame", "ClickerGame\ClickerGame.csproj", "{4986C7F3-457D-4746-AE44-3AA4CEB9F161}"
EndProject
Global
	GlobalSection(SolutionConfigurationPlatforms) = preSolution
		Debug|Any CPU = Debug|Any CPU
		Release|Any CPU = Release|Any CPU
	EndGlobalSection
	GlobalSection(ProjectConfigurationPlatforms) = postSolution
		{4986C7F3-457D-4746-AE44-3AA4CEB9F161}.Debug|Any CPU.ActiveCfg = Debug|Any CPU
		{4986C7F3-457D-4746-AE44-3AA4CEB9F161}.Debug|Any CPU.Build.0 = Debug|Any CPU
		{4986C7F3-457D-4746-AE44-3AA4CEB9F161}.Release|Any CPU.ActiveCfg = Release|Any CPU
		{4986C7F3-457D-4746-AE44-3AA4CEB9F161}.Release|Any CPU.Build.0 = Release|Any CPU
	EndGlobalSection
	GlobalSection(SolutionProperties) = preSolution
		HideSolutionNode = FALSE
	EndGlobalSection
	GlobalSection(ExtensibilityGlobals) = postSolution
		SolutionGuid = {4F7A9EB8-A203-4961-9600-8A897D7C4C7A}
	EndGlobalSection
EndGlobal
